
Microsoft Visual Studio Solution File, Format Version 12.00
# Visual Studio Version 17
VisualStudioVersion = 17.8.34525.116
MinimumVisualStudioVersion = 10.0.40219.1
Project("{2150E333-8FDC-42A3-9474-1A3956D46DE8}") = "Data", "Data", "{4F303F06-BA29-4E49-BDF7-63BF9FC54328}"
EndProject
Project("{9A19103F-16F7-4668-BE54-9A1E7A4F7556}") = "TestUsers.Data.Enums", "Data\TestUsers.Data.Enums\TestUsers.Data.Enums.csproj", "{E49D5835-98EA-4335-807C-6CF6E842BCCF}"
EndProject
Project("{9A19103F-16F7-4668-BE54-9A1E7A4F7556}") = "TestUsers.Data.Models", "Data\TestUsers.Data.Models\TestUsers.Data.Models.csproj", "{3CC504D9-2E1C-4A0B-AE55-D9595DD01958}"
EndProject
Project("{9A19103F-16F7-4668-BE54-9A1E7A4F7556}") = "TestUsers.Data", "TestUsers.Data\TestUsers.Data.csproj", "{B849340A-2AA7-4A98-BF5E-31D8B1395005}"
EndProject
Project("{9A19103F-16F7-4668-BE54-9A1E7A4F7556}") = "TestUsers.Services", "TestUsers.Services\TestUsers.Services.csproj", "{800457E4-369F-49EF-B28F-0D9FE02FCBC5}"
EndProject
Project("{9A19103F-16F7-4668-BE54-9A1E7A4F7556}") = "TestUsers.Services.Tests", "TestUsers.Services.Tests\TestUsers.Services.Tests.csproj", "{1D7C38B9-A759-409E-AF38-36D02BFB5113}"
EndProject
Project("{9A19103F-16F7-4668-BE54-9A1E7A4F7556}") = "TestUsers.WebApi", "TestUsers.WebApi\TestUsers.WebApi.csproj", "{C4898BA1-AA95-4994-9F02-AE8D3A093B82}"
EndProject
Project("{2150E333-8FDC-42A3-9474-1A3956D46DE8}") = "Элементы решения", "Элементы решения", "{86CD541D-58DC-40C1-B805-1ACB9456E116}"
	ProjectSection(SolutionItems) = preProject
		docker-compose.yml = docker-compose.yml
	EndProjectSection
EndProject
Project("{FAE04EC0-301F-11D3-BF4B-00C04F79EFBC}") = "TestUsers.WebSocketApi", "TestUsers.WebSocketApi\TestUsers.WebSocketApi.csproj", "{1BA8624D-8168-48A2-B015-FBCC695BBDEF}"
EndProject
Global
	GlobalSection(SolutionConfigurationPlatforms) = preSolution
		Debug|Any CPU = Debug|Any CPU
		Release|Any CPU = Release|Any CPU
	EndGlobalSection
	GlobalSection(ProjectConfigurationPlatforms) = postSolution
		{E49D5835-98EA-4335-807C-6CF6E842BCCF}.Debug|Any CPU.ActiveCfg = Debug|Any CPU
		{E49D5835-98EA-4335-807C-6CF6E842BCCF}.Debug|Any CPU.Build.0 = Debug|Any CPU
		{E49D5835-98EA-4335-807C-6CF6E842BCCF}.Release|Any CPU.ActiveCfg = Release|Any CPU
		{E49D5835-98EA-4335-807C-6CF6E842BCCF}.Release|Any CPU.Build.0 = Release|Any CPU
		{3CC504D9-2E1C-4A0B-AE55-D9595DD01958}.Debug|Any CPU.ActiveCfg = Debug|Any CPU
		{3CC504D9-2E1C-4A0B-AE55-D9595DD01958}.Debug|Any CPU.Build.0 = Debug|Any CPU
		{3CC504D9-2E1C-4A0B-AE55-D9595DD01958}.Release|Any CPU.ActiveCfg = Release|Any CPU
		{3CC504D9-2E1C-4A0B-AE55-D9595DD01958}.Release|Any CPU.Build.0 = Release|Any CPU
		{B849340A-2AA7-4A98-BF5E-31D8B1395005}.Debug|Any CPU.ActiveCfg = Debug|Any CPU
		{B849340A-2AA7-4A98-BF5E-31D8B1395005}.Debug|Any CPU.Build.0 = Debug|Any CPU
		{B849340A-2AA7-4A98-BF5E-31D8B1395005}.Release|Any CPU.ActiveCfg = Release|Any CPU
		{B849340A-2AA7-4A98-BF5E-31D8B1395005}.Release|Any CPU.Build.0 = Release|Any CPU
		{800457E4-369F-49EF-B28F-0D9FE02FCBC5}.Debug|Any CPU.ActiveCfg = Debug|Any CPU
		{800457E4-369F-49EF-B28F-0D9FE02FCBC5}.Debug|Any CPU.Build.0 = Debug|Any CPU
		{800457E4-369F-49EF-B28F-0D9FE02FCBC5}.Release|Any CPU.ActiveCfg = Release|Any CPU
		{800457E4-369F-49EF-B28F-0D9FE02FCBC5}.Release|Any CPU.Build.0 = Release|Any CPU
		{1D7C38B9-A759-409E-AF38-36D02BFB5113}.Debug|Any CPU.ActiveCfg = Debug|Any CPU
		{1D7C38B9-A759-409E-AF38-36D02BFB5113}.Debug|Any CPU.Build.0 = Debug|Any CPU
		{1D7C38B9-A759-409E-AF38-36D02BFB5113}.Release|Any CPU.ActiveCfg = Release|Any CPU
		{1D7C38B9-A759-409E-AF38-36D02BFB5113}.Release|Any CPU.Build.0 = Release|Any CPU
		{C4898BA1-AA95-4994-9F02-AE8D3A093B82}.Debug|Any CPU.ActiveCfg = Debug|Any CPU
		{C4898BA1-AA95-4994-9F02-AE8D3A093B82}.Debug|Any CPU.Build.0 = Debug|Any CPU
		{C4898BA1-AA95-4994-9F02-AE8D3A093B82}.Release|Any CPU.ActiveCfg = Release|Any CPU
		{C4898BA1-AA95-4994-9F02-AE8D3A093B82}.Release|Any CPU.Build.0 = Release|Any CPU
		{1BA8624D-8168-48A2-B015-FBCC695BBDEF}.Debug|Any CPU.ActiveCfg = Debug|Any CPU
		{1BA8624D-8168-48A2-B015-FBCC695BBDEF}.Debug|Any CPU.Build.0 = Debug|Any CPU
		{1BA8624D-8168-48A2-B015-FBCC695BBDEF}.Release|Any CPU.ActiveCfg = Release|Any CPU
		{1BA8624D-8168-48A2-B015-FBCC695BBDEF}.Release|Any CPU.Build.0 = Release|Any CPU
	EndGlobalSection
	GlobalSection(SolutionProperties) = preSolution
		HideSolutionNode = FALSE
	EndGlobalSection
	GlobalSection(NestedProjects) = preSolution
		{E49D5835-98EA-4335-807C-6CF6E842BCCF} = {4F303F06-BA29-4E49-BDF7-63BF9FC54328}
		{3CC504D9-2E1C-4A0B-AE55-D9595DD01958} = {4F303F06-BA29-4E49-BDF7-63BF9FC54328}
	EndGlobalSection
	GlobalSection(ExtensibilityGlobals) = postSolution
		SolutionGuid = {422CA9C9-017B-4651-90F6-3E7DA06EE8F4}
	EndGlobalSection
EndGlobal
